// !$*UTF8*$!
{
	archiveVersion = 1;
	classes = {
	};
	objectVersion = 50;
	objects = {

/* Begin PBXBuildFile section */
		3F1DA7512334FB60002D88DC /* QuartzCore.framework in Frameworks */ = {isa = PBXBuildFile; fileRef = 3F1DA7502334FB60002D88DC /* QuartzCore.framework */; };
		3F9D7550232FF5EC00027973 /* AppDelegate.swift in Sources */ = {isa = PBXBuildFile; fileRef = 3F9D754F232FF5EC00027973 /* AppDelegate.swift */; };
		3F9D7552232FF5EC00027973 /* ViewController.swift in Sources */ = {isa = PBXBuildFile; fileRef = 3F9D7551232FF5EC00027973 /* ViewController.swift */; };
		3F9D7555232FF5EC00027973 /* Main.storyboard in Resources */ = {isa = PBXBuildFile; fileRef = 3F9D7553232FF5EC00027973 /* Main.storyboard */; };
		3F9D7557232FF5EC00027973 /* Assets.xcassets in Resources */ = {isa = PBXBuildFile; fileRef = 3F9D7556232FF5EC00027973 /* Assets.xcassets */; };
		3F9D755A232FF5EC00027973 /* LaunchScreen.storyboard in Resources */ = {isa = PBXBuildFile; fileRef = 3F9D7558232FF5EC00027973 /* LaunchScreen.storyboard */; };
		3F9D7573232FF6E900027973 /* song1.mp3 in Resources */ = {isa = PBXBuildFile; fileRef = 3F9D7570232FF6E800027973 /* song1.mp3 */; };
		3F9D7574232FF6E900027973 /* song3.mp3 in Resources */ = {isa = PBXBuildFile; fileRef = 3F9D7571232FF6E800027973 /* song3.mp3 */; };
		3F9D7575232FF6E900027973 /* song2.mp3 in Resources */ = {isa = PBXBuildFile; fileRef = 3F9D7572232FF6E900027973 /* song2.mp3 */; };
		3F9D7577232FF74200027973 /* SpinViewController.swift in Sources */ = {isa = PBXBuildFile; fileRef = 3F9D7576232FF74200027973 /* SpinViewController.swift */; };
		3F9D7579232FF75C00027973 /* FlyViewController.swift in Sources */ = {isa = PBXBuildFile; fileRef = 3F9D7578232FF75C00027973 /* FlyViewController.swift */; };
		3F9D757B232FF76900027973 /* FadeViewController.swift in Sources */ = {isa = PBXBuildFile; fileRef = 3F9D757A232FF76900027973 /* FadeViewController.swift */; };
		3F9D7580232FF7E600027973 /* BgImage.jpg in Resources */ = {isa = PBXBuildFile; fileRef = 3F9D757C232FF7E600027973 /* BgImage.jpg */; };
		3F9D7581232FF7E600027973 /* CameraIcon.png in Resources */ = {isa = PBXBuildFile; fileRef = 3F9D757D232FF7E600027973 /* CameraIcon.png */; };
		3F9D7582232FF7E600027973 /* SeachIcon.png in Resources */ = {isa = PBXBuildFile; fileRef = 3F9D757E232FF7E600027973 /* SeachIcon.png */; };
		3F9D7583232FF7E600027973 /* GPSIcon.png in Resources */ = {isa = PBXBuildFile; fileRef = 3F9D757F232FF7E600027973 /* GPSIcon.png */; };
		3F9D7586232FFCDE00027973 /* AVFoundation.framework in Frameworks */ = {isa = PBXBuildFile; fileRef = 3F9D7585232FFCDE00027973 /* AVFoundation.framework */; };
/* End PBXBuildFile section */

/* Begin PBXFileReference section */
		3F1DA7502334FB60002D88DC /* QuartzCore.framework */ = {isa = PBXFileReference; lastKnownFileType = wrapper.framework; name = QuartzCore.framework; path = System/Library/Frameworks/QuartzCore.framework; sourceTree = SDKROOT; };
		3F9D754C232FF5EC00027973 /* W3_Animations.app */ = {isa = PBXFileReference; explicitFileType = wrapper.application; includeInIndex = 0; path = W3_Animations.app; sourceTree = BUILT_PRODUCTS_DIR; };
		3F9D754F232FF5EC00027973 /* AppDelegate.swift */ = {isa = PBXFileReference; lastKnownFileType = sourcecode.swift; path = AppDelegate.swift; sourceTree = "<group>"; };
		3F9D7551232FF5EC00027973 /* ViewController.swift */ = {isa = PBXFileReference; lastKnownFileType = sourcecode.swift; path = ViewController.swift; sourceTree = "<group>"; };
		3F9D7554232FF5EC00027973 /* Base */ = {isa = PBXFileReference; lastKnownFileType = file.storyboard; name = Base; path = Base.lproj/Main.storyboard; sourceTree = "<group>"; };
		3F9D7556232FF5EC00027973 /* Assets.xcassets */ = {isa = PBXFileReference; lastKnownFileType = folder.assetcatalog; path = Assets.xcassets; sourceTree = "<group>"; };
		3F9D7559232FF5EC00027973 /* Base */ = {isa = PBXFileReference; lastKnownFileType = file.storyboard; name = Base; path = Base.lproj/LaunchScreen.storyboard; sourceTree = "<group>"; };
		3F9D755B232FF5EC00027973 /* Info.plist */ = {isa = PBXFileReference; lastKnownFileType = text.plist.xml; path = Info.plist; sourceTree = "<group>"; };
		3F9D7570232FF6E800027973 /* song1.mp3 */ = {isa = PBXFileReference; lastKnownFileType = audio.mp3; path = song1.mp3; sourceTree = "<group>"; };
		3F9D7571232FF6E800027973 /* song3.mp3 */ = {isa = PBXFileReference; lastKnownFileType = audio.mp3; path = song3.mp3; sourceTree = "<group>"; };
		3F9D7572232FF6E900027973 /* song2.mp3 */ = {isa = PBXFileReference; lastKnownFileType = audio.mp3; path = song2.mp3; sourceTree = "<group>"; };
		3F9D7576232FF74200027973 /* SpinViewController.swift */ = {isa = PBXFileReference; lastKnownFileType = sourcecode.swift; path = SpinViewController.swift; sourceTree = "<group>"; };
		3F9D7578232FF75C00027973 /* FlyViewController.swift */ = {isa = PBXFileReference; lastKnownFileType = sourcecode.swift; path = FlyViewController.swift; sourceTree = "<group>"; };
		3F9D757A232FF76900027973 /* FadeViewController.swift */ = {isa = PBXFileReference; lastKnownFileType = sourcecode.swift; path = FadeViewController.swift; sourceTree = "<group>"; };
		3F9D757C232FF7E600027973 /* BgImage.jpg */ = {isa = PBXFileReference; lastKnownFileType = image.jpeg; path = BgImage.jpg; sourceTree = "<group>"; };
		3F9D757D232FF7E600027973 /* CameraIcon.png */ = {isa = PBXFileReference; lastKnownFileType = image.png; path = CameraIcon.png; sourceTree = "<group>"; };
		3F9D757E232FF7E600027973 /* SeachIcon.png */ = {isa = PBXFileReference; lastKnownFileType = image.png; path = SeachIcon.png; sourceTree = "<group>"; };
		3F9D757F232FF7E600027973 /* GPSIcon.png */ = {isa = PBXFileReference; lastKnownFileType = image.png; path = GPSIcon.png; sourceTree = "<group>"; };
		3F9D7585232FFCDE00027973 /* AVFoundation.framework */ = {isa = PBXFileReference; lastKnownFileType = wrapper.framework; name = AVFoundation.framework; path = System/Library/Frameworks/AVFoundation.framework; sourceTree = SDKROOT; };
/* End PBXFileReference section */

/* Begin PBXFrameworksBuildPhase section */
		3F9D7549232FF5EC00027973 /* Frameworks */ = {
			isa = PBXFrameworksBuildPhase;
			buildActionMask = 2147483647;
			files = (
				3F1DA7512334FB60002D88DC /* QuartzCore.framework in Frameworks */,
				3F9D7586232FFCDE00027973 /* AVFoundation.framework in Frameworks */,
			);
			runOnlyForDeploymentPostprocessing = 0;
		};
/* End PBXFrameworksBuildPhase section */

/* Begin PBXGroup section */
		3F9D7543232FF5EC00027973 = {
			isa = PBXGroup;
			children = (
				3F9D754E232FF5EC00027973 /* W3_Animations */,
				3F9D754D232FF5EC00027973 /* Products */,
				3F9D7584232FFCDE00027973 /* Frameworks */,
			);
			sourceTree = "<group>";
		};
		3F9D754D232FF5EC00027973 /* Products */ = {
			isa = PBXGroup;
			children = (
				3F9D754C232FF5EC00027973 /* W3_Animations.app */,
			);
			name = Products;
			sourceTree = "<group>";
		};
		3F9D754E232FF5EC00027973 /* W3_Animations */ = {
			isa = PBXGroup;
			children = (
				3F9D7565232FF66F00027973 /* Classes */,
				3F9D7564232FF66300027973 /* ViewControllers */,
				3F9D7563232FF65900027973 /* Storyboards */,
				3F9D7562232FF65200027973 /* Sounds */,
				3F9D7561232FF64500027973 /* Images */,
				3F9D755B232FF5EC00027973 /* Info.plist */,
			);
			path = W3_Animations;
			sourceTree = "<group>";
		};
		3F9D7561232FF64500027973 /* Images */ = {
			isa = PBXGroup;
			children = (
				3F9D757C232FF7E600027973 /* BgImage.jpg */,
				3F9D757D232FF7E600027973 /* CameraIcon.png */,
				3F9D757F232FF7E600027973 /* GPSIcon.png */,
				3F9D757E232FF7E600027973 /* SeachIcon.png */,
				3F9D7556232FF5EC00027973 /* Assets.xcassets */,
			);
			path = Images;
			sourceTree = "<group>";
		};
		3F9D7562232FF65200027973 /* Sounds */ = {
			isa = PBXGroup;
			children = (
				3F9D7570232FF6E800027973 /* song1.mp3 */,
				3F9D7572232FF6E900027973 /* song2.mp3 */,
				3F9D7571232FF6E800027973 /* song3.mp3 */,
			);
			path = Sounds;
			sourceTree = "<group>";
		};
		3F9D7563232FF65900027973 /* Storyboards */ = {
			isa = PBXGroup;
			children = (
				3F9D7553232FF5EC00027973 /* Main.storyboard */,
				3F9D7558232FF5EC00027973 /* LaunchScreen.storyboard */,
			);
			path = Storyboards;
			sourceTree = "<group>";
		};
		3F9D7564232FF66300027973 /* ViewControllers */ = {
			isa = PBXGroup;
			children = (
				3F9D7551232FF5EC00027973 /* ViewController.swift */,
				3F9D7576232FF74200027973 /* SpinViewController.swift */,
				3F9D7578232FF75C00027973 /* FlyViewController.swift */,
				3F9D757A232FF76900027973 /* FadeViewController.swift */,
			);
			path = ViewControllers;
			sourceTree = "<group>";
		};
		3F9D7565232FF66F00027973 /* Classes */ = {
			isa = PBXGroup;
			children = (
				3F9D754F232FF5EC00027973 /* AppDelegate.swift */,
			);
			path = Classes;
			sourceTree = "<group>";
		};
		3F9D7584232FFCDE00027973 /* Frameworks */ = {
			isa = PBXGroup;
			children = (
				3F1DA7502334FB60002D88DC /* QuartzCore.framework */,
				3F9D7585232FFCDE00027973 /* AVFoundation.framework */,
			);
			name = Frameworks;
			sourceTree = "<group>";
		};
/* End PBXGroup section */

/* Begin PBXNativeTarget section */
		3F9D754B232FF5EC00027973 /* W3_Animations */ = {
			isa = PBXNativeTarget;
			buildConfigurationList = 3F9D755E232FF5EC00027973 /* Build configuration list for PBXNativeTarget "W3_Animations" */;
			buildPhases = (
				3F9D7548232FF5EC00027973 /* Sources */,
				3F9D7549232FF5EC00027973 /* Frameworks */,
				3F9D754A232FF5EC00027973 /* Resources */,
			);
			buildRules = (
			);
			dependencies = (
			);
			name = W3_Animations;
			productName = W3_Animations;
			productReference = 3F9D754C232FF5EC00027973 /* W3_Animations.app */;
			productType = "com.apple.product-type.application";
		};
/* End PBXNativeTarget section */

/* Begin PBXProject section */
		3F9D7544232FF5EC00027973 /* Project object */ = {
			isa = PBXProject;
			attributes = {
				LastSwiftUpdateCheck = 1030;
				LastUpgradeCheck = 1030;
				ORGANIZATIONNAME = "Sneh Patel";
				TargetAttributes = {
					3F9D754B232FF5EC00027973 = {
						CreatedOnToolsVersion = 10.3;
					};
				};
			};
			buildConfigurationList = 3F9D7547232FF5EC00027973 /* Build configuration list for PBXProject "W3_Animations" */;
			compatibilityVersion = "Xcode 9.3";
			developmentRegion = en;
			hasScannedForEncodings = 0;
			knownRegions = (
				en,
				Base,
			);
			mainGroup = 3F9D7543232FF5EC00027973;
			productRefGroup = 3F9D754D232FF5EC00027973 /* Products */;
			projectDirPath = "";
			projectRoot = "";
			targets = (
				3F9D754B232FF5EC00027973 /* W3_Animations */,
			);
		};
/* End PBXProject section */

/* Begin PBXResourcesBuildPhase section */
		3F9D754A232FF5EC00027973 /* Resources */ = {
			isa = PBXResourcesBuildPhase;
			buildActionMask = 2147483647;
			files = (
				3F9D7575232FF6E900027973 /* song2.mp3 in Resources */,
				3F9D7580232FF7E600027973 /* BgImage.jpg in Resources */,
				3F9D7582232FF7E600027973 /* SeachIcon.png in Resources */,
				3F9D7583232FF7E600027973 /* GPSIcon.png in Resources */,
				3F9D7573232FF6E900027973 /* song1.mp3 in Resources */,
				3F9D755A232FF5EC00027973 /* LaunchScreen.storyboard in Resources */,
				3F9D7581232FF7E600027973 /* CameraIcon.png in Resources */,
				3F9D7557232FF5EC00027973 /* Assets.xcassets in Resources */,
				3F9D7555232FF5EC00027973 /* Main.storyboard in Resources */,
				3F9D7574232FF6E900027973 /* song3.mp3 in Resources */,
			);
			runOnlyForDeploymentPostprocessing = 0;
		};
/* End PBXResourcesBuildPhase section */

/* Begin PBXSourcesBuildPhase section */
		3F9D7548232FF5EC00027973 /* Sources */ = {
			isa = PBXSourcesBuildPhase;
			buildActionMask = 2147483647;
			files = (
				3F9D7579232FF75C00027973 /* FlyViewController.swift in Sources */,
				3F9D7552232FF5EC00027973 /* ViewController.swift in Sources */,
				3F9D7577232FF74200027973 /* SpinViewController.swift in Sources */,
				3F9D7550232FF5EC00027973 /* AppDelegate.swift in Sources */,
				3F9D757B232FF76900027973 /* FadeViewController.swift in Sources */,
			);
			runOnlyForDeploymentPostprocessing = 0;
		};
/* End PBXSourcesBuildPhase section */

/* Begin PBXVariantGroup section */
		3F9D7553232FF5EC00027973 /* Main.storyboard */ = {
			isa = PBXVariantGroup;
			children = (
				3F9D7554232FF5EC00027973 /* Base */,
			);
			name = Main.storyboard;
			sourceTree = "<group>";
		};
		3F9D7558232FF5EC00027973 /* LaunchScreen.storyboard */ = {
			isa = PBXVariantGroup;
			children = (
				3F9D7559232FF5EC00027973 /* Base */,
			);
			name = LaunchScreen.storyboard;
			sourceTree = "<group>";
		};
/* End PBXVariantGroup section */

/* Begin XCBuildConfiguration section */
		3F9D755C232FF5EC00027973 /* Debug */ = {
			isa = XCBuildConfiguration;
			buildSettings = {
				ALWAYS_SEARCH_USER_PATHS = NO;
				CLANG_ANALYZER_NONNULL = YES;
				CLANG_ANALYZER_NUMBER_OBJECT_CONVERSION = YES_AGGRESSIVE;
				CLANG_CXX_LANGUAGE_STANDARD = "gnu++14";
				CLANG_CXX_LIBRARY = "libc++";
				CLANG_ENABLE_MODULES = YES;
				CLANG_ENABLE_OBJC_ARC = YES;
				CLANG_ENABLE_OBJC_WEAK = YES;
				CLANG_WARN_BLOCK_CAPTURE_AUTORELEASING = YES;
				CLANG_WARN_BOOL_CONVERSION = YES;
				CLANG_WARN_COMMA = YES;
				CLANG_WARN_CONSTANT_CONVERSION = YES;
				CLANG_WARN_DEPRECATED_OBJC_IMPLEMENTATIONS = YES;
				CLANG_WARN_DIRECT_OBJC_ISA_USAGE = YES_ERROR;
				CLANG_WARN_DOCUMENTATION_COMMENTS = YES;
				CLANG_WARN_EMPTY_BODY = YES;
				CLANG_WARN_ENUM_CONVERSION = YES;
				CLANG_WARN_INFINITE_RECURSION = YES;
				CLANG_WARN_INT_CONVERSION = YES;
				CLANG_WARN_NON_LITERAL_NULL_CONVERSION = YES;
				CLANG_WARN_OBJC_IMPLICIT_RETAIN_SELF = YES;
				CLANG_WARN_OBJC_LITERAL_CONVERSION = YES;
				CLANG_WARN_OBJC_ROOT_CLASS = YES_ERROR;
				CLANG_WARN_RANGE_LOOP_ANALYSIS = YES;
				CLANG_WARN_STRICT_PROTOTYPES = YES;
				CLANG_WARN_SUSPICIOUS_MOVE = YES;
				CLANG_WARN_UNGUARDED_AVAILABILITY = YES_AGGRESSIVE;
				CLANG_WARN_UNREACHABLE_CODE = YES;
				CLANG_WARN__DUPLICATE_METHOD_MATCH = YES;
				CODE_SIGN_IDENTITY = "iPhone Developer";
				COPY_PHASE_STRIP = NO;
				DEBUG_INFORMATION_FORMAT = dwarf;
				ENABLE_STRICT_OBJC_MSGSEND = YES;
				ENABLE_TESTABILITY = YES;
				GCC_C_LANGUAGE_STANDARD = gnu11;
				GCC_DYNAMIC_NO_PIC = NO;
				GCC_NO_COMMON_BLOCKS = YES;
				GCC_OPTIMIZATION_LEVEL = 0;
				GCC_PREPROCESSOR_DEFINITIONS = (
					"DEBUG=1",
					"$(inherited)",
				);
				GCC_WARN_64_TO_32_BIT_CONVERSION = YES;
				GCC_WARN_ABOUT_RETURN_TYPE = YES_ERROR;
				GCC_WARN_UNDECLARED_SELECTOR = YES;
				GCC_WARN_UNINITIALIZED_AUTOS = YES_AGGRESSIVE;
				GCC_WARN_UNUSED_FUNCTION = YES;
				GCC_WARN_UNUSED_VARIABLE = YES;
				IPHONEOS_DEPLOYMENT_TARGET = 12.4;
				MTL_ENABLE_DEBUG_INFO = INCLUDE_SOURCE;
				MTL_FAST_MATH = YES;
				ONLY_ACTIVE_ARCH = YES;
				SDKROOT = iphoneos;
				SWIFT_ACTIVE_COMPILATION_CONDITIONS = DEBUG;
				SWIFT_OPTIMIZATION_LEVEL = "-Onone";
			};
			name = Debug;
		};
		3F9D755D232FF5EC00027973 /* Release */ = {
			isa = XCBuildConfiguration;
			buildSettings = {
				ALWAYS_SEARCH_USER_PATHS = NO;
				CLANG_ANALYZER_NONNULL = YES;
				CLANG_ANALYZER_NUMBER_OBJECT_CONVERSION = YES_AGGRESSIVE;
				CLANG_CXX_LANGUAGE_STANDARD = "gnu++14";
				CLANG_CXX_LIBRARY = "libc++";
				CLANG_ENABLE_MODULES = YES;
				CLANG_ENABLE_OBJC_ARC = YES;
				CLANG_ENABLE_OBJC_WEAK = YES;
				CLANG_WARN_BLOCK_CAPTURE_AUTORELEASING = YES;
				CLANG_WARN_BOOL_CONVERSION = YES;
				CLANG_WARN_COMMA = YES;
				CLANG_WARN_CONSTANT_CONVERSION = YES;
				CLANG_WARN_DEPRECATED_OBJC_IMPLEMENTATIONS = YES;
				CLANG_WARN_DIRECT_OBJC_ISA_USAGE = YES_ERROR;
				CLANG_WARN_DOCUMENTATION_COMMENTS = YES;
				CLANG_WARN_EMPTY_BODY = YES;
				CLANG_WARN_ENUM_CONVERSION = YES;
				CLANG_WARN_INFINITE_RECURSION = YES;
				CLANG_WARN_INT_CONVERSION = YES;
				CLANG_WARN_NON_LITERAL_NULL_CONVERSION = YES;
				CLANG_WARN_OBJC_IMPLICIT_RETAIN_SELF = YES;
				CLANG_WARN_OBJC_LITERAL_CONVERSION = YES;
				CLANG_WARN_OBJC_ROOT_CLASS = YES_ERROR;
				CLANG_WARN_RANGE_LOOP_ANALYSIS = YES;
				CLANG_WARN_STRICT_PROTOTYPES = YES;
				CLANG_WARN_SUSPICIOUS_MOVE = YES;
				CLANG_WARN_UNGUARDED_AVAILABILITY = YES_AGGRESSIVE;
				CLANG_WARN_UNREACHABLE_CODE = YES;
				CLANG_WARN__DUPLICATE_METHOD_MATCH = YES;
				CODE_SIGN_IDENTITY = "iPhone Developer";
				COPY_PHASE_STRIP = NO;
				DEBUG_INFORMATION_FORMAT = "dwarf-with-dsym";
				ENABLE_NS_ASSERTIONS = NO;
				ENABLE_STRICT_OBJC_MSGSEND = YES;
				GCC_C_LANGUAGE_STANDARD = gnu11;
				GCC_NO_COMMON_BLOCKS = YES;
				GCC_WARN_64_TO_32_BIT_CONVERSION = YES;
				GCC_WARN_ABOUT_RETURN_TYPE = YES_ERROR;
				GCC_WARN_UNDECLARED_SELECTOR = YES;
				GCC_WARN_UNINITIALIZED_AUTOS = YES_AGGRESSIVE;
				GCC_WARN_UNUSED_FUNCTION = YES;
				GCC_WARN_UNUSED_VARIABLE = YES;
				IPHONEOS_DEPLOYMENT_TARGET = 12.4;
				MTL_ENABLE_DEBUG_INFO = NO;
				MTL_FAST_MATH = YES;
				SDKROOT = iphoneos;
				SWIFT_COMPILATION_MODE = wholemodule;
				SWIFT_OPTIMIZATION_LEVEL = "-O";
				VALIDATE_PRODUCT = YES;
			};
			name = Release;
		};
		3F9D755F232FF5EC00027973 /* Debug */ = {
			isa = XCBuildConfiguration;
			buildSettings = {
				ASSETCATALOG_COMPILER_APPICON_NAME = AppIcon;
				CODE_SIGN_STYLE = Automatic;
				INFOPLIST_FILE = W3_Animations/Info.plist;
				LD_RUNPATH_SEARCH_PATHS = (
					"$(inherited)",
					"@executable_path/Frameworks",
				);
				PRODUCT_BUNDLE_IDENTIFIER = "com.snehpatel.W3-Animations";
				PRODUCT_NAME = "$(TARGET_NAME)";
				SWIFT_VERSION = 5.0;
				TARGETED_DEVICE_FAMILY = "1,2";
			};
			name = Debug;
		};
		3F9D7560232FF5EC00027973 /* Release */ = {
			isa = XCBuildConfiguration;
			buildSettings = {
				ASSETCATALOG_COMPILER_APPICON_NAME = AppIcon;
				CODE_SIGN_STYLE = Automatic;
				INFOPLIST_FILE = W3_Animations/Info.plist;
				LD_RUNPATH_SEARCH_PATHS = (
					"$(inherited)",
					"@executable_path/Frameworks",
				);
				PRODUCT_BUNDLE_IDENTIFIER = "com.snehpatel.W3-Animations";
				PRODUCT_NAME = "$(TARGET_NAME)";
				SWIFT_VERSION = 5.0;
				TARGETED_DEVICE_FAMILY = "1,2";
			};
			name = Release;
		};
/* End XCBuildConfiguration section */

/* Begin XCConfigurationList section */
		3F9D7547232FF5EC00027973 /* Build configuration list for PBXProject "W3_Animations" */ = {
			isa = XCConfigurationList;
			buildConfigurations = (
				3F9D755C232FF5EC00027973 /* Debug */,
				3F9D755D232FF5EC00027973 /* Release */,
			);
			defaultConfigurationIsVisible = 0;
			defaultConfigurationName = Release;
		};
		3F9D755E232FF5EC00027973 /* Build configuration list for PBXNativeTarget "W3_Animations" */ = {
			isa = XCConfigurationList;
			buildConfigurations = (
				3F9D755F232FF5EC00027973 /* Debug */,
				3F9D7560232FF5EC00027973 /* Release */,
			);
			defaultConfigurationIsVisible = 0;
			defaultConfigurationName = Release;
		};
/* End XCConfigurationList section */
	};
	rootObject = 3F9D7544232FF5EC00027973 /* Project object */;
}
