// !$*UTF8*$!
{
	archiveVersion = 1;
	classes = {
	};
	objectVersion = 50;
	objects = {

/* Begin PBXBuildFile section */
		3F1DA720233470C4002D88DC /* AppDelegate.swift in Sources */ = {isa = PBXBuildFile; fileRef = 3F1DA71F233470C4002D88DC /* AppDelegate.swift */; };
		3F1DA722233470C4002D88DC /* ViewController.swift in Sources */ = {isa = PBXBuildFile; fileRef = 3F1DA721233470C4002D88DC /* ViewController.swift */; };
		3F1DA725233470C4002D88DC /* Main.storyboard in Resources */ = {isa = PBXBuildFile; fileRef = 3F1DA723233470C4002D88DC /* Main.storyboard */; };
		3F1DA727233470C5002D88DC /* Assets.xcassets in Resources */ = {isa = PBXBuildFile; fileRef = 3F1DA726233470C5002D88DC /* Assets.xcassets */; };
		3F1DA72A233470C5002D88DC /* LaunchScreen.storyboard in Resources */ = {isa = PBXBuildFile; fileRef = 3F1DA728233470C5002D88DC /* LaunchScreen.storyboard */; };
		3F1DA73B233471F5002D88DC /* house.png in Resources */ = {isa = PBXBuildFile; fileRef = 3F1DA737233471F5002D88DC /* house.png */; };
		3F1DA73C233471F5002D88DC /* www.png in Resources */ = {isa = PBXBuildFile; fileRef = 3F1DA738233471F5002D88DC /* www.png */; };
		3F1DA73D233471F5002D88DC /* information.png in Resources */ = {isa = PBXBuildFile; fileRef = 3F1DA739233471F5002D88DC /* information.png */; };
		3F1DA74223347336002D88DC /* Bg.jpg in Resources */ = {isa = PBXBuildFile; fileRef = 3F1DA74123347336002D88DC /* Bg.jpg */; };
		3F1DA744233476B5002D88DC /* UserRegController.swift in Sources */ = {isa = PBXBuildFile; fileRef = 3F1DA743233476B5002D88DC /* UserRegController.swift */; };
		3F1DA746233478E0002D88DC /* AboutMeController.swift in Sources */ = {isa = PBXBuildFile; fileRef = 3F1DA745233478E0002D88DC /* AboutMeController.swift */; };
		3F1DA74C2334792B002D88DC /* SearchWebController.swift in Sources */ = {isa = PBXBuildFile; fileRef = 3F1DA74B2334792B002D88DC /* SearchWebController.swift */; };
		3F1DA74F23347C9E002D88DC /* WebKit.framework in Frameworks */ = {isa = PBXBuildFile; fileRef = 3F1DA74E23347C9E002D88DC /* WebKit.framework */; };
/* End PBXBuildFile section */

/* Begin PBXFileReference section */
		3F1DA71C233470C4002D88DC /* A1_Sneh_Patel.app */ = {isa = PBXFileReference; explicitFileType = wrapper.application; includeInIndex = 0; path = A1_Sneh_Patel.app; sourceTree = BUILT_PRODUCTS_DIR; };
		3F1DA71F233470C4002D88DC /* AppDelegate.swift */ = {isa = PBXFileReference; lastKnownFileType = sourcecode.swift; path = AppDelegate.swift; sourceTree = "<group>"; };
		3F1DA721233470C4002D88DC /* ViewController.swift */ = {isa = PBXFileReference; lastKnownFileType = sourcecode.swift; path = ViewController.swift; sourceTree = "<group>"; };
		3F1DA724233470C4002D88DC /* Base */ = {isa = PBXFileReference; lastKnownFileType = file.storyboard; name = Base; path = Base.lproj/Main.storyboard; sourceTree = "<group>"; };
		3F1DA726233470C5002D88DC /* Assets.xcassets */ = {isa = PBXFileReference; lastKnownFileType = folder.assetcatalog; path = Assets.xcassets; sourceTree = "<group>"; };
		3F1DA729233470C5002D88DC /* Base */ = {isa = PBXFileReference; lastKnownFileType = file.storyboard; name = Base; path = Base.lproj/LaunchScreen.storyboard; sourceTree = "<group>"; };
		3F1DA72B233470C5002D88DC /* Info.plist */ = {isa = PBXFileReference; lastKnownFileType = text.plist.xml; path = Info.plist; sourceTree = "<group>"; };
		3F1DA737233471F5002D88DC /* house.png */ = {isa = PBXFileReference; lastKnownFileType = image.png; path = house.png; sourceTree = "<group>"; };
		3F1DA738233471F5002D88DC /* www.png */ = {isa = PBXFileReference; lastKnownFileType = image.png; path = www.png; sourceTree = "<group>"; };
		3F1DA739233471F5002D88DC /* information.png */ = {isa = PBXFileReference; lastKnownFileType = image.png; path = information.png; sourceTree = "<group>"; };
		3F1DA74123347336002D88DC /* Bg.jpg */ = {isa = PBXFileReference; lastKnownFileType = image.jpeg; path = Bg.jpg; sourceTree = "<group>"; };
		3F1DA743233476B5002D88DC /* UserRegController.swift */ = {isa = PBXFileReference; lastKnownFileType = sourcecode.swift; path = UserRegController.swift; sourceTree = "<group>"; };
		3F1DA745233478E0002D88DC /* AboutMeController.swift */ = {isa = PBXFileReference; lastKnownFileType = sourcecode.swift; path = AboutMeController.swift; sourceTree = "<group>"; };
		3F1DA74B2334792B002D88DC /* SearchWebController.swift */ = {isa = PBXFileReference; lastKnownFileType = sourcecode.swift; path = SearchWebController.swift; sourceTree = "<group>"; };
		3F1DA74E23347C9E002D88DC /* WebKit.framework */ = {isa = PBXFileReference; lastKnownFileType = wrapper.framework; name = WebKit.framework; path = System/Library/Frameworks/WebKit.framework; sourceTree = SDKROOT; };
/* End PBXFileReference section */

/* Begin PBXFrameworksBuildPhase section */
		3F1DA719233470C4002D88DC /* Frameworks */ = {
			isa = PBXFrameworksBuildPhase;
			buildActionMask = 2147483647;
			files = (
				3F1DA74F23347C9E002D88DC /* WebKit.framework in Frameworks */,
			);
			runOnlyForDeploymentPostprocessing = 0;
		};
/* End PBXFrameworksBuildPhase section */

/* Begin PBXGroup section */
		3F1DA713233470C4002D88DC = {
			isa = PBXGroup;
			children = (
				3F1DA71E233470C4002D88DC /* A1_Sneh_Patel */,
				3F1DA71D233470C4002D88DC /* Products */,
				3F1DA74D23347C9E002D88DC /* Frameworks */,
			);
			sourceTree = "<group>";
		};
		3F1DA71D233470C4002D88DC /* Products */ = {
			isa = PBXGroup;
			children = (
				3F1DA71C233470C4002D88DC /* A1_Sneh_Patel.app */,
			);
			name = Products;
			sourceTree = "<group>";
		};
		3F1DA71E233470C4002D88DC /* A1_Sneh_Patel */ = {
			isa = PBXGroup;
			children = (
				3F1DA736233471BB002D88DC /* Images */,
				3F1DA735233471A8002D88DC /* Storyboards */,
				3F1DA7342334719F002D88DC /* Classes */,
				3F1DA7332334718E002D88DC /* View Controllers */,
				3F1DA72B233470C5002D88DC /* Info.plist */,
			);
			path = A1_Sneh_Patel;
			sourceTree = "<group>";
		};
		3F1DA7332334718E002D88DC /* View Controllers */ = {
			isa = PBXGroup;
			children = (
				3F1DA721233470C4002D88DC /* ViewController.swift */,
				3F1DA743233476B5002D88DC /* UserRegController.swift */,
				3F1DA745233478E0002D88DC /* AboutMeController.swift */,
				3F1DA74B2334792B002D88DC /* SearchWebController.swift */,
			);
			path = "View Controllers";
			sourceTree = "<group>";
		};
		3F1DA7342334719F002D88DC /* Classes */ = {
			isa = PBXGroup;
			children = (
				3F1DA71F233470C4002D88DC /* AppDelegate.swift */,
			);
			path = Classes;
			sourceTree = "<group>";
		};
		3F1DA735233471A8002D88DC /* Storyboards */ = {
			isa = PBXGroup;
			children = (
				3F1DA728233470C5002D88DC /* LaunchScreen.storyboard */,
				3F1DA723233470C4002D88DC /* Main.storyboard */,
			);
			path = Storyboards;
			sourceTree = "<group>";
		};
		3F1DA736233471BB002D88DC /* Images */ = {
			isa = PBXGroup;
			children = (
				3F1DA74123347336002D88DC /* Bg.jpg */,
				3F1DA737233471F5002D88DC /* house.png */,
				3F1DA739233471F5002D88DC /* information.png */,
				3F1DA738233471F5002D88DC /* www.png */,
				3F1DA726233470C5002D88DC /* Assets.xcassets */,
			);
			path = Images;
			sourceTree = "<group>";
		};
		3F1DA74D23347C9E002D88DC /* Frameworks */ = {
			isa = PBXGroup;
			children = (
				3F1DA74E23347C9E002D88DC /* WebKit.framework */,
			);
			name = Frameworks;
			sourceTree = "<group>";
		};
/* End PBXGroup section */

/* Begin PBXNativeTarget section */
		3F1DA71B233470C4002D88DC /* A1_Sneh_Patel */ = {
			isa = PBXNativeTarget;
			buildConfigurationList = 3F1DA72E233470C5002D88DC /* Build configuration list for PBXNativeTarget "A1_Sneh_Patel" */;
			buildPhases = (
				3F1DA718233470C4002D88DC /* Sources */,
				3F1DA719233470C4002D88DC /* Frameworks */,
				3F1DA71A233470C4002D88DC /* Resources */,
			);
			buildRules = (
			);
			dependencies = (
			);
			name = A1_Sneh_Patel;
			productName = A1_Sneh_Patel;
			productReference = 3F1DA71C233470C4002D88DC /* A1_Sneh_Patel.app */;
			productType = "com.apple.product-type.application";
		};
/* End PBXNativeTarget section */

/* Begin PBXProject section */
		3F1DA714233470C4002D88DC /* Project object */ = {
			isa = PBXProject;
			attributes = {
				LastSwiftUpdateCheck = 1030;
				LastUpgradeCheck = 1030;
				ORGANIZATIONNAME = "Sneh Patel";
				TargetAttributes = {
					3F1DA71B233470C4002D88DC = {
						CreatedOnToolsVersion = 10.3;
					};
				};
			};
			buildConfigurationList = 3F1DA717233470C4002D88DC /* Build configuration list for PBXProject "A1_Sneh_Patel" */;
			compatibilityVersion = "Xcode 9.3";
			developmentRegion = en;
			hasScannedForEncodings = 0;
			knownRegions = (
				en,
				Base,
			);
			mainGroup = 3F1DA713233470C4002D88DC;
			productRefGroup = 3F1DA71D233470C4002D88DC /* Products */;
			projectDirPath = "";
			projectRoot = "";
			targets = (
				3F1DA71B233470C4002D88DC /* A1_Sneh_Patel */,
			);
		};
/* End PBXProject section */

/* Begin PBXResourcesBuildPhase section */
		3F1DA71A233470C4002D88DC /* Resources */ = {
			isa = PBXResourcesBuildPhase;
			buildActionMask = 2147483647;
			files = (
				3F1DA73D233471F5002D88DC /* information.png in Resources */,
				3F1DA74223347336002D88DC /* Bg.jpg in Resources */,
				3F1DA73B233471F5002D88DC /* house.png in Resources */,
				3F1DA72A233470C5002D88DC /* LaunchScreen.storyboard in Resources */,
				3F1DA727233470C5002D88DC /* Assets.xcassets in Resources */,
				3F1DA73C233471F5002D88DC /* www.png in Resources */,
				3F1DA725233470C4002D88DC /* Main.storyboard in Resources */,
			);
			runOnlyForDeploymentPostprocessing = 0;
		};
/* End PBXResourcesBuildPhase section */

/* Begin PBXSourcesBuildPhase section */
		3F1DA718233470C4002D88DC /* Sources */ = {
			isa = PBXSourcesBuildPhase;
			buildActionMask = 2147483647;
			files = (
				3F1DA722233470C4002D88DC /* ViewController.swift in Sources */,
				3F1DA744233476B5002D88DC /* UserRegController.swift in Sources */,
				3F1DA74C2334792B002D88DC /* SearchWebController.swift in Sources */,
				3F1DA720233470C4002D88DC /* AppDelegate.swift in Sources */,
				3F1DA746233478E0002D88DC /* AboutMeController.swift in Sources */,
			);
			runOnlyForDeploymentPostprocessing = 0;
		};
/* End PBXSourcesBuildPhase section */

/* Begin PBXVariantGroup section */
		3F1DA723233470C4002D88DC /* Main.storyboard */ = {
			isa = PBXVariantGroup;
			children = (
				3F1DA724233470C4002D88DC /* Base */,
			);
			name = Main.storyboard;
			sourceTree = "<group>";
		};
		3F1DA728233470C5002D88DC /* LaunchScreen.storyboard */ = {
			isa = PBXVariantGroup;
			children = (
				3F1DA729233470C5002D88DC /* Base */,
			);
			name = LaunchScreen.storyboard;
			sourceTree = "<group>";
		};
/* End PBXVariantGroup section */

/* Begin XCBuildConfiguration section */
		3F1DA72C233470C5002D88DC /* Debug */ = {
			isa = XCBuildConfiguration;
			buildSettings = {
				ALWAYS_SEARCH_USER_PATHS = NO;
				CLANG_ANALYZER_NONNULL = YES;
				CLANG_ANALYZER_NUMBER_OBJECT_CONVERSION = YES_AGGRESSIVE;
				CLANG_CXX_LANGUAGE_STANDARD = "gnu++14";
				CLANG_CXX_LIBRARY = "libc++";
				CLANG_ENABLE_MODULES = YES;
				CLANG_ENABLE_OBJC_ARC = YES;
				CLANG_ENABLE_OBJC_WEAK = YES;
				CLANG_WARN_BLOCK_CAPTURE_AUTORELEASING = YES;
				CLANG_WARN_BOOL_CONVERSION = YES;
				CLANG_WARN_COMMA = YES;
				CLANG_WARN_CONSTANT_CONVERSION = YES;
				CLANG_WARN_DEPRECATED_OBJC_IMPLEMENTATIONS = YES;
				CLANG_WARN_DIRECT_OBJC_ISA_USAGE = YES_ERROR;
				CLANG_WARN_DOCUMENTATION_COMMENTS = YES;
				CLANG_WARN_EMPTY_BODY = YES;
				CLANG_WARN_ENUM_CONVERSION = YES;
				CLANG_WARN_INFINITE_RECURSION = YES;
				CLANG_WARN_INT_CONVERSION = YES;
				CLANG_WARN_NON_LITERAL_NULL_CONVERSION = YES;
				CLANG_WARN_OBJC_IMPLICIT_RETAIN_SELF = YES;
				CLANG_WARN_OBJC_LITERAL_CONVERSION = YES;
				CLANG_WARN_OBJC_ROOT_CLASS = YES_ERROR;
				CLANG_WARN_RANGE_LOOP_ANALYSIS = YES;
				CLANG_WARN_STRICT_PROTOTYPES = YES;
				CLANG_WARN_SUSPICIOUS_MOVE = YES;
				CLANG_WARN_UNGUARDED_AVAILABILITY = YES_AGGRESSIVE;
				CLANG_WARN_UNREACHABLE_CODE = YES;
				CLANG_WARN__DUPLICATE_METHOD_MATCH = YES;
				CODE_SIGN_IDENTITY = "iPhone Developer";
				COPY_PHASE_STRIP = NO;
				DEBUG_INFORMATION_FORMAT = dwarf;
				ENABLE_STRICT_OBJC_MSGSEND = YES;
				ENABLE_TESTABILITY = YES;
				GCC_C_LANGUAGE_STANDARD = gnu11;
				GCC_DYNAMIC_NO_PIC = NO;
				GCC_NO_COMMON_BLOCKS = YES;
				GCC_OPTIMIZATION_LEVEL = 0;
				GCC_PREPROCESSOR_DEFINITIONS = (
					"DEBUG=1",
					"$(inherited)",
				);
				GCC_WARN_64_TO_32_BIT_CONVERSION = YES;
				GCC_WARN_ABOUT_RETURN_TYPE = YES_ERROR;
				GCC_WARN_UNDECLARED_SELECTOR = YES;
				GCC_WARN_UNINITIALIZED_AUTOS = YES_AGGRESSIVE;
				GCC_WARN_UNUSED_FUNCTION = YES;
				GCC_WARN_UNUSED_VARIABLE = YES;
				IPHONEOS_DEPLOYMENT_TARGET = 12.4;
				MTL_ENABLE_DEBUG_INFO = INCLUDE_SOURCE;
				MTL_FAST_MATH = YES;
				ONLY_ACTIVE_ARCH = YES;
				SDKROOT = iphoneos;
				SWIFT_ACTIVE_COMPILATION_CONDITIONS = DEBUG;
				SWIFT_OPTIMIZATION_LEVEL = "-Onone";
			};
			name = Debug;
		};
		3F1DA72D233470C5002D88DC /* Release */ = {
			isa = XCBuildConfiguration;
			buildSettings = {
				ALWAYS_SEARCH_USER_PATHS = NO;
				CLANG_ANALYZER_NONNULL = YES;
				CLANG_ANALYZER_NUMBER_OBJECT_CONVERSION = YES_AGGRESSIVE;
				CLANG_CXX_LANGUAGE_STANDARD = "gnu++14";
				CLANG_CXX_LIBRARY = "libc++";
				CLANG_ENABLE_MODULES = YES;
				CLANG_ENABLE_OBJC_ARC = YES;
				CLANG_ENABLE_OBJC_WEAK = YES;
				CLANG_WARN_BLOCK_CAPTURE_AUTORELEASING = YES;
				CLANG_WARN_BOOL_CONVERSION = YES;
				CLANG_WARN_COMMA = YES;
				CLANG_WARN_CONSTANT_CONVERSION = YES;
				CLANG_WARN_DEPRECATED_OBJC_IMPLEMENTATIONS = YES;
				CLANG_WARN_DIRECT_OBJC_ISA_USAGE = YES_ERROR;
				CLANG_WARN_DOCUMENTATION_COMMENTS = YES;
				CLANG_WARN_EMPTY_BODY = YES;
				CLANG_WARN_ENUM_CONVERSION = YES;
				CLANG_WARN_INFINITE_RECURSION = YES;
				CLANG_WARN_INT_CONVERSION = YES;
				CLANG_WARN_NON_LITERAL_NULL_CONVERSION = YES;
				CLANG_WARN_OBJC_IMPLICIT_RETAIN_SELF = YES;
				CLANG_WARN_OBJC_LITERAL_CONVERSION = YES;
				CLANG_WARN_OBJC_ROOT_CLASS = YES_ERROR;
				CLANG_WARN_RANGE_LOOP_ANALYSIS = YES;
				CLANG_WARN_STRICT_PROTOTYPES = YES;
				CLANG_WARN_SUSPICIOUS_MOVE = YES;
				CLANG_WARN_UNGUARDED_AVAILABILITY = YES_AGGRESSIVE;
				CLANG_WARN_UNREACHABLE_CODE = YES;
				CLANG_WARN__DUPLICATE_METHOD_MATCH = YES;
				CODE_SIGN_IDENTITY = "iPhone Developer";
				COPY_PHASE_STRIP = NO;
				DEBUG_INFORMATION_FORMAT = "dwarf-with-dsym";
				ENABLE_NS_ASSERTIONS = NO;
				ENABLE_STRICT_OBJC_MSGSEND = YES;
				GCC_C_LANGUAGE_STANDARD = gnu11;
				GCC_NO_COMMON_BLOCKS = YES;
				GCC_WARN_64_TO_32_BIT_CONVERSION = YES;
				GCC_WARN_ABOUT_RETURN_TYPE = YES_ERROR;
				GCC_WARN_UNDECLARED_SELECTOR = YES;
				GCC_WARN_UNINITIALIZED_AUTOS = YES_AGGRESSIVE;
				GCC_WARN_UNUSED_FUNCTION = YES;
				GCC_WARN_UNUSED_VARIABLE = YES;
				IPHONEOS_DEPLOYMENT_TARGET = 12.4;
				MTL_ENABLE_DEBUG_INFO = NO;
				MTL_FAST_MATH = YES;
				SDKROOT = iphoneos;
				SWIFT_COMPILATION_MODE = wholemodule;
				SWIFT_OPTIMIZATION_LEVEL = "-O";
				VALIDATE_PRODUCT = YES;
			};
			name = Release;
		};
		3F1DA72F233470C5002D88DC /* Debug */ = {
			isa = XCBuildConfiguration;
			buildSettings = {
				ASSETCATALOG_COMPILER_APPICON_NAME = AppIcon;
				CODE_SIGN_STYLE = Automatic;
				INFOPLIST_FILE = A1_Sneh_Patel/Info.plist;
				LD_RUNPATH_SEARCH_PATHS = (
					"$(inherited)",
					"@executable_path/Frameworks",
				);
				PRODUCT_BUNDLE_IDENTIFIER = "com.snehpatel.A1-Sneh-Patel";
				PRODUCT_NAME = "$(TARGET_NAME)";
				SWIFT_VERSION = 5.0;
				TARGETED_DEVICE_FAMILY = "1,2";
			};
			name = Debug;
		};
		3F1DA730233470C5002D88DC /* Release */ = {
			isa = XCBuildConfiguration;
			buildSettings = {
				ASSETCATALOG_COMPILER_APPICON_NAME = AppIcon;
				CODE_SIGN_STYLE = Automatic;
				INFOPLIST_FILE = A1_Sneh_Patel/Info.plist;
				LD_RUNPATH_SEARCH_PATHS = (
					"$(inherited)",
					"@executable_path/Frameworks",
				);
				PRODUCT_BUNDLE_IDENTIFIER = "com.snehpatel.A1-Sneh-Patel";
				PRODUCT_NAME = "$(TARGET_NAME)";
				SWIFT_VERSION = 5.0;
				TARGETED_DEVICE_FAMILY = "1,2";
			};
			name = Release;
		};
/* End XCBuildConfiguration section */

/* Begin XCConfigurationList section */
		3F1DA717233470C4002D88DC /* Build configuration list for PBXProject "A1_Sneh_Patel" */ = {
			isa = XCConfigurationList;
			buildConfigurations = (
				3F1DA72C233470C5002D88DC /* Debug */,
				3F1DA72D233470C5002D88DC /* Release */,
			);
			defaultConfigurationIsVisible = 0;
			defaultConfigurationName = Release;
		};
		3F1DA72E233470C5002D88DC /* Build configuration list for PBXNativeTarget "A1_Sneh_Patel" */ = {
			isa = XCConfigurationList;
			buildConfigurations = (
				3F1DA72F233470C5002D88DC /* Debug */,
				3F1DA730233470C5002D88DC /* Release */,
			);
			defaultConfigurationIsVisible = 0;
			defaultConfigurationName = Release;
		};
/* End XCConfigurationList section */
	};
	rootObject = 3F1DA714233470C4002D88DC /* Project object */;
}
