// !$*UTF8*$!
{
	archiveVersion = 1;
	classes = {
	};
	objectVersion = 50;
	objects = {

/* Begin PBXBuildFile section */
		3F7B6782233E36E700F3FFA7 /* AppDelegate.swift in Sources */ = {isa = PBXBuildFile; fileRef = 3F7B6781233E36E700F3FFA7 /* AppDelegate.swift */; };
		3F7B6784233E36E700F3FFA7 /* ViewController.swift in Sources */ = {isa = PBXBuildFile; fileRef = 3F7B6783233E36E700F3FFA7 /* ViewController.swift */; };
		3F7B6787233E36E700F3FFA7 /* Main.storyboard in Resources */ = {isa = PBXBuildFile; fileRef = 3F7B6785233E36E700F3FFA7 /* Main.storyboard */; };
		3F7B6789233E36E800F3FFA7 /* Assets.xcassets in Resources */ = {isa = PBXBuildFile; fileRef = 3F7B6788233E36E800F3FFA7 /* Assets.xcassets */; };
		3F7B678C233E36E800F3FFA7 /* LaunchScreen.storyboard in Resources */ = {isa = PBXBuildFile; fileRef = 3F7B678A233E36E800F3FFA7 /* LaunchScreen.storyboard */; };
		3F7B6798233E385100F3FFA7 /* ChooseSiteViewController.swift in Sources */ = {isa = PBXBuildFile; fileRef = 3F7B6797233E385100F3FFA7 /* ChooseSiteViewController.swift */; };
		3F7B679A233E386D00F3FFA7 /* ViewSiteViewController.swift in Sources */ = {isa = PBXBuildFile; fileRef = 3F7B6799233E386D00F3FFA7 /* ViewSiteViewController.swift */; };
		3F7B67A0233E3D2800F3FFA7 /* fc.png in Resources */ = {isa = PBXBuildFile; fileRef = 3F7B679B233E3D2800F3FFA7 /* fc.png */; };
		3F7B67A1233E3D2800F3FFA7 /* raptors.jpg in Resources */ = {isa = PBXBuildFile; fileRef = 3F7B679C233E3D2800F3FFA7 /* raptors.jpg */; };
		3F7B67A2233E3D2800F3FFA7 /* marlies.jpeg in Resources */ = {isa = PBXBuildFile; fileRef = 3F7B679D233E3D2800F3FFA7 /* marlies.jpeg */; };
		3F7B67A3233E3D2800F3FFA7 /* jays.jpg in Resources */ = {isa = PBXBuildFile; fileRef = 3F7B679E233E3D2800F3FFA7 /* jays.jpg */; };
		3F7B67A4233E3D2800F3FFA7 /* leafs.png in Resources */ = {isa = PBXBuildFile; fileRef = 3F7B679F233E3D2800F3FFA7 /* leafs.png */; };
		3F7B67A6233E403300F3FFA7 /* SiteCell.swift in Sources */ = {isa = PBXBuildFile; fileRef = 3F7B67A5233E403300F3FFA7 /* SiteCell.swift */; };
		3F7B67A9233E4EBE00F3FFA7 /* WebKit.framework in Frameworks */ = {isa = PBXBuildFile; fileRef = 3F7B67A8233E4EBE00F3FFA7 /* WebKit.framework */; };
/* End PBXBuildFile section */

/* Begin PBXFileReference section */
		3F7B677E233E36E700F3FFA7 /* W4_Tables2.app */ = {isa = PBXFileReference; explicitFileType = wrapper.application; includeInIndex = 0; path = W4_Tables2.app; sourceTree = BUILT_PRODUCTS_DIR; };
		3F7B6781233E36E700F3FFA7 /* AppDelegate.swift */ = {isa = PBXFileReference; lastKnownFileType = sourcecode.swift; path = AppDelegate.swift; sourceTree = "<group>"; };
		3F7B6783233E36E700F3FFA7 /* ViewController.swift */ = {isa = PBXFileReference; lastKnownFileType = sourcecode.swift; path = ViewController.swift; sourceTree = "<group>"; };
		3F7B6786233E36E700F3FFA7 /* Base */ = {isa = PBXFileReference; lastKnownFileType = file.storyboard; name = Base; path = Base.lproj/Main.storyboard; sourceTree = "<group>"; };
		3F7B6788233E36E800F3FFA7 /* Assets.xcassets */ = {isa = PBXFileReference; lastKnownFileType = folder.assetcatalog; path = Assets.xcassets; sourceTree = "<group>"; };
		3F7B678B233E36E800F3FFA7 /* Base */ = {isa = PBXFileReference; lastKnownFileType = file.storyboard; name = Base; path = Base.lproj/LaunchScreen.storyboard; sourceTree = "<group>"; };
		3F7B678D233E36E800F3FFA7 /* Info.plist */ = {isa = PBXFileReference; lastKnownFileType = text.plist.xml; path = Info.plist; sourceTree = "<group>"; };
		3F7B6797233E385100F3FFA7 /* ChooseSiteViewController.swift */ = {isa = PBXFileReference; lastKnownFileType = sourcecode.swift; path = ChooseSiteViewController.swift; sourceTree = "<group>"; };
		3F7B6799233E386D00F3FFA7 /* ViewSiteViewController.swift */ = {isa = PBXFileReference; lastKnownFileType = sourcecode.swift; path = ViewSiteViewController.swift; sourceTree = "<group>"; };
		3F7B679B233E3D2800F3FFA7 /* fc.png */ = {isa = PBXFileReference; lastKnownFileType = image.png; path = fc.png; sourceTree = "<group>"; };
		3F7B679C233E3D2800F3FFA7 /* raptors.jpg */ = {isa = PBXFileReference; lastKnownFileType = image.jpeg; path = raptors.jpg; sourceTree = "<group>"; };
		3F7B679D233E3D2800F3FFA7 /* marlies.jpeg */ = {isa = PBXFileReference; lastKnownFileType = image.jpeg; path = marlies.jpeg; sourceTree = "<group>"; };
		3F7B679E233E3D2800F3FFA7 /* jays.jpg */ = {isa = PBXFileReference; lastKnownFileType = image.jpeg; path = jays.jpg; sourceTree = "<group>"; };
		3F7B679F233E3D2800F3FFA7 /* leafs.png */ = {isa = PBXFileReference; lastKnownFileType = image.png; path = leafs.png; sourceTree = "<group>"; };
		3F7B67A5233E403300F3FFA7 /* SiteCell.swift */ = {isa = PBXFileReference; lastKnownFileType = sourcecode.swift; path = SiteCell.swift; sourceTree = "<group>"; };
		3F7B67A8233E4EBE00F3FFA7 /* WebKit.framework */ = {isa = PBXFileReference; lastKnownFileType = wrapper.framework; name = WebKit.framework; path = System/Library/Frameworks/WebKit.framework; sourceTree = SDKROOT; };
/* End PBXFileReference section */

/* Begin PBXFrameworksBuildPhase section */
		3F7B677B233E36E700F3FFA7 /* Frameworks */ = {
			isa = PBXFrameworksBuildPhase;
			buildActionMask = 2147483647;
			files = (
				3F7B67A9233E4EBE00F3FFA7 /* WebKit.framework in Frameworks */,
			);
			runOnlyForDeploymentPostprocessing = 0;
		};
/* End PBXFrameworksBuildPhase section */

/* Begin PBXGroup section */
		3F7B6775233E36E600F3FFA7 = {
			isa = PBXGroup;
			children = (
				3F7B6780233E36E700F3FFA7 /* W4_Tables2 */,
				3F7B677F233E36E700F3FFA7 /* Products */,
				3F7B67A7233E4EBE00F3FFA7 /* Frameworks */,
			);
			sourceTree = "<group>";
		};
		3F7B677F233E36E700F3FFA7 /* Products */ = {
			isa = PBXGroup;
			children = (
				3F7B677E233E36E700F3FFA7 /* W4_Tables2.app */,
			);
			name = Products;
			sourceTree = "<group>";
		};
		3F7B6780233E36E700F3FFA7 /* W4_Tables2 */ = {
			isa = PBXGroup;
			children = (
				3F7B6796233E374500F3FFA7 /* Classes */,
				3F7B6795233E373800F3FFA7 /* ViewControllers */,
				3F7B6794233E372F00F3FFA7 /* Storyboards */,
				3F7B6793233E372500F3FFA7 /* Images */,
				3F7B678D233E36E800F3FFA7 /* Info.plist */,
			);
			path = W4_Tables2;
			sourceTree = "<group>";
		};
		3F7B6793233E372500F3FFA7 /* Images */ = {
			isa = PBXGroup;
			children = (
				3F7B679B233E3D2800F3FFA7 /* fc.png */,
				3F7B679E233E3D2800F3FFA7 /* jays.jpg */,
				3F7B679F233E3D2800F3FFA7 /* leafs.png */,
				3F7B679D233E3D2800F3FFA7 /* marlies.jpeg */,
				3F7B679C233E3D2800F3FFA7 /* raptors.jpg */,
				3F7B6788233E36E800F3FFA7 /* Assets.xcassets */,
			);
			path = Images;
			sourceTree = "<group>";
		};
		3F7B6794233E372F00F3FFA7 /* Storyboards */ = {
			isa = PBXGroup;
			children = (
				3F7B678A233E36E800F3FFA7 /* LaunchScreen.storyboard */,
				3F7B6785233E36E700F3FFA7 /* Main.storyboard */,
			);
			path = Storyboards;
			sourceTree = "<group>";
		};
		3F7B6795233E373800F3FFA7 /* ViewControllers */ = {
			isa = PBXGroup;
			children = (
				3F7B6783233E36E700F3FFA7 /* ViewController.swift */,
				3F7B6797233E385100F3FFA7 /* ChooseSiteViewController.swift */,
				3F7B6799233E386D00F3FFA7 /* ViewSiteViewController.swift */,
			);
			path = ViewControllers;
			sourceTree = "<group>";
		};
		3F7B6796233E374500F3FFA7 /* Classes */ = {
			isa = PBXGroup;
			children = (
				3F7B67A5233E403300F3FFA7 /* SiteCell.swift */,
				3F7B6781233E36E700F3FFA7 /* AppDelegate.swift */,
			);
			path = Classes;
			sourceTree = "<group>";
		};
		3F7B67A7233E4EBE00F3FFA7 /* Frameworks */ = {
			isa = PBXGroup;
			children = (
				3F7B67A8233E4EBE00F3FFA7 /* WebKit.framework */,
			);
			name = Frameworks;
			sourceTree = "<group>";
		};
/* End PBXGroup section */

/* Begin PBXNativeTarget section */
		3F7B677D233E36E700F3FFA7 /* W4_Tables2 */ = {
			isa = PBXNativeTarget;
			buildConfigurationList = 3F7B6790233E36E800F3FFA7 /* Build configuration list for PBXNativeTarget "W4_Tables2" */;
			buildPhases = (
				3F7B677A233E36E700F3FFA7 /* Sources */,
				3F7B677B233E36E700F3FFA7 /* Frameworks */,
				3F7B677C233E36E700F3FFA7 /* Resources */,
			);
			buildRules = (
			);
			dependencies = (
			);
			name = W4_Tables2;
			productName = W4_Tables2;
			productReference = 3F7B677E233E36E700F3FFA7 /* W4_Tables2.app */;
			productType = "com.apple.product-type.application";
		};
/* End PBXNativeTarget section */

/* Begin PBXProject section */
		3F7B6776233E36E600F3FFA7 /* Project object */ = {
			isa = PBXProject;
			attributes = {
				LastSwiftUpdateCheck = 1030;
				LastUpgradeCheck = 1030;
				ORGANIZATIONNAME = "Sneh Patel";
				TargetAttributes = {
					3F7B677D233E36E700F3FFA7 = {
						CreatedOnToolsVersion = 10.3;
					};
				};
			};
			buildConfigurationList = 3F7B6779233E36E600F3FFA7 /* Build configuration list for PBXProject "W4_Tables2" */;
			compatibilityVersion = "Xcode 9.3";
			developmentRegion = en;
			hasScannedForEncodings = 0;
			knownRegions = (
				en,
				Base,
			);
			mainGroup = 3F7B6775233E36E600F3FFA7;
			productRefGroup = 3F7B677F233E36E700F3FFA7 /* Products */;
			projectDirPath = "";
			projectRoot = "";
			targets = (
				3F7B677D233E36E700F3FFA7 /* W4_Tables2 */,
			);
		};
/* End PBXProject section */

/* Begin PBXResourcesBuildPhase section */
		3F7B677C233E36E700F3FFA7 /* Resources */ = {
			isa = PBXResourcesBuildPhase;
			buildActionMask = 2147483647;
			files = (
				3F7B678C233E36E800F3FFA7 /* LaunchScreen.storyboard in Resources */,
				3F7B6789233E36E800F3FFA7 /* Assets.xcassets in Resources */,
				3F7B67A0233E3D2800F3FFA7 /* fc.png in Resources */,
				3F7B67A3233E3D2800F3FFA7 /* jays.jpg in Resources */,
				3F7B67A1233E3D2800F3FFA7 /* raptors.jpg in Resources */,
				3F7B6787233E36E700F3FFA7 /* Main.storyboard in Resources */,
				3F7B67A2233E3D2800F3FFA7 /* marlies.jpeg in Resources */,
				3F7B67A4233E3D2800F3FFA7 /* leafs.png in Resources */,
			);
			runOnlyForDeploymentPostprocessing = 0;
		};
/* End PBXResourcesBuildPhase section */

/* Begin PBXSourcesBuildPhase section */
		3F7B677A233E36E700F3FFA7 /* Sources */ = {
			isa = PBXSourcesBuildPhase;
			buildActionMask = 2147483647;
			files = (
				3F7B6784233E36E700F3FFA7 /* ViewController.swift in Sources */,
				3F7B6798233E385100F3FFA7 /* ChooseSiteViewController.swift in Sources */,
				3F7B679A233E386D00F3FFA7 /* ViewSiteViewController.swift in Sources */,
				3F7B67A6233E403300F3FFA7 /* SiteCell.swift in Sources */,
				3F7B6782233E36E700F3FFA7 /* AppDelegate.swift in Sources */,
			);
			runOnlyForDeploymentPostprocessing = 0;
		};
/* End PBXSourcesBuildPhase section */

/* Begin PBXVariantGroup section */
		3F7B6785233E36E700F3FFA7 /* Main.storyboard */ = {
			isa = PBXVariantGroup;
			children = (
				3F7B6786233E36E700F3FFA7 /* Base */,
			);
			name = Main.storyboard;
			sourceTree = "<group>";
		};
		3F7B678A233E36E800F3FFA7 /* LaunchScreen.storyboard */ = {
			isa = PBXVariantGroup;
			children = (
				3F7B678B233E36E800F3FFA7 /* Base */,
			);
			name = LaunchScreen.storyboard;
			sourceTree = "<group>";
		};
/* End PBXVariantGroup section */

/* Begin XCBuildConfiguration section */
		3F7B678E233E36E800F3FFA7 /* Debug */ = {
			isa = XCBuildConfiguration;
			buildSettings = {
				ALWAYS_SEARCH_USER_PATHS = NO;
				CLANG_ANALYZER_NONNULL = YES;
				CLANG_ANALYZER_NUMBER_OBJECT_CONVERSION = YES_AGGRESSIVE;
				CLANG_CXX_LANGUAGE_STANDARD = "gnu++14";
				CLANG_CXX_LIBRARY = "libc++";
				CLANG_ENABLE_MODULES = YES;
				CLANG_ENABLE_OBJC_ARC = YES;
				CLANG_ENABLE_OBJC_WEAK = YES;
				CLANG_WARN_BLOCK_CAPTURE_AUTORELEASING = YES;
				CLANG_WARN_BOOL_CONVERSION = YES;
				CLANG_WARN_COMMA = YES;
				CLANG_WARN_CONSTANT_CONVERSION = YES;
				CLANG_WARN_DEPRECATED_OBJC_IMPLEMENTATIONS = YES;
				CLANG_WARN_DIRECT_OBJC_ISA_USAGE = YES_ERROR;
				CLANG_WARN_DOCUMENTATION_COMMENTS = YES;
				CLANG_WARN_EMPTY_BODY = YES;
				CLANG_WARN_ENUM_CONVERSION = YES;
				CLANG_WARN_INFINITE_RECURSION = YES;
				CLANG_WARN_INT_CONVERSION = YES;
				CLANG_WARN_NON_LITERAL_NULL_CONVERSION = YES;
				CLANG_WARN_OBJC_IMPLICIT_RETAIN_SELF = YES;
				CLANG_WARN_OBJC_LITERAL_CONVERSION = YES;
				CLANG_WARN_OBJC_ROOT_CLASS = YES_ERROR;
				CLANG_WARN_RANGE_LOOP_ANALYSIS = YES;
				CLANG_WARN_STRICT_PROTOTYPES = YES;
				CLANG_WARN_SUSPICIOUS_MOVE = YES;
				CLANG_WARN_UNGUARDED_AVAILABILITY = YES_AGGRESSIVE;
				CLANG_WARN_UNREACHABLE_CODE = YES;
				CLANG_WARN__DUPLICATE_METHOD_MATCH = YES;
				CODE_SIGN_IDENTITY = "iPhone Developer";
				COPY_PHASE_STRIP = NO;
				DEBUG_INFORMATION_FORMAT = dwarf;
				ENABLE_STRICT_OBJC_MSGSEND = YES;
				ENABLE_TESTABILITY = YES;
				GCC_C_LANGUAGE_STANDARD = gnu11;
				GCC_DYNAMIC_NO_PIC = NO;
				GCC_NO_COMMON_BLOCKS = YES;
				GCC_OPTIMIZATION_LEVEL = 0;
				GCC_PREPROCESSOR_DEFINITIONS = (
					"DEBUG=1",
					"$(inherited)",
				);
				GCC_WARN_64_TO_32_BIT_CONVERSION = YES;
				GCC_WARN_ABOUT_RETURN_TYPE = YES_ERROR;
				GCC_WARN_UNDECLARED_SELECTOR = YES;
				GCC_WARN_UNINITIALIZED_AUTOS = YES_AGGRESSIVE;
				GCC_WARN_UNUSED_FUNCTION = YES;
				GCC_WARN_UNUSED_VARIABLE = YES;
				IPHONEOS_DEPLOYMENT_TARGET = 12.4;
				MTL_ENABLE_DEBUG_INFO = INCLUDE_SOURCE;
				MTL_FAST_MATH = YES;
				ONLY_ACTIVE_ARCH = YES;
				SDKROOT = iphoneos;
				SWIFT_ACTIVE_COMPILATION_CONDITIONS = DEBUG;
				SWIFT_OPTIMIZATION_LEVEL = "-Onone";
			};
			name = Debug;
		};
		3F7B678F233E36E800F3FFA7 /* Release */ = {
			isa = XCBuildConfiguration;
			buildSettings = {
				ALWAYS_SEARCH_USER_PATHS = NO;
				CLANG_ANALYZER_NONNULL = YES;
				CLANG_ANALYZER_NUMBER_OBJECT_CONVERSION = YES_AGGRESSIVE;
				CLANG_CXX_LANGUAGE_STANDARD = "gnu++14";
				CLANG_CXX_LIBRARY = "libc++";
				CLANG_ENABLE_MODULES = YES;
				CLANG_ENABLE_OBJC_ARC = YES;
				CLANG_ENABLE_OBJC_WEAK = YES;
				CLANG_WARN_BLOCK_CAPTURE_AUTORELEASING = YES;
				CLANG_WARN_BOOL_CONVERSION = YES;
				CLANG_WARN_COMMA = YES;
				CLANG_WARN_CONSTANT_CONVERSION = YES;
				CLANG_WARN_DEPRECATED_OBJC_IMPLEMENTATIONS = YES;
				CLANG_WARN_DIRECT_OBJC_ISA_USAGE = YES_ERROR;
				CLANG_WARN_DOCUMENTATION_COMMENTS = YES;
				CLANG_WARN_EMPTY_BODY = YES;
				CLANG_WARN_ENUM_CONVERSION = YES;
				CLANG_WARN_INFINITE_RECURSION = YES;
				CLANG_WARN_INT_CONVERSION = YES;
				CLANG_WARN_NON_LITERAL_NULL_CONVERSION = YES;
				CLANG_WARN_OBJC_IMPLICIT_RETAIN_SELF = YES;
				CLANG_WARN_OBJC_LITERAL_CONVERSION = YES;
				CLANG_WARN_OBJC_ROOT_CLASS = YES_ERROR;
				CLANG_WARN_RANGE_LOOP_ANALYSIS = YES;
				CLANG_WARN_STRICT_PROTOTYPES = YES;
				CLANG_WARN_SUSPICIOUS_MOVE = YES;
				CLANG_WARN_UNGUARDED_AVAILABILITY = YES_AGGRESSIVE;
				CLANG_WARN_UNREACHABLE_CODE = YES;
				CLANG_WARN__DUPLICATE_METHOD_MATCH = YES;
				CODE_SIGN_IDENTITY = "iPhone Developer";
				COPY_PHASE_STRIP = NO;
				DEBUG_INFORMATION_FORMAT = "dwarf-with-dsym";
				ENABLE_NS_ASSERTIONS = NO;
				ENABLE_STRICT_OBJC_MSGSEND = YES;
				GCC_C_LANGUAGE_STANDARD = gnu11;
				GCC_NO_COMMON_BLOCKS = YES;
				GCC_WARN_64_TO_32_BIT_CONVERSION = YES;
				GCC_WARN_ABOUT_RETURN_TYPE = YES_ERROR;
				GCC_WARN_UNDECLARED_SELECTOR = YES;
				GCC_WARN_UNINITIALIZED_AUTOS = YES_AGGRESSIVE;
				GCC_WARN_UNUSED_FUNCTION = YES;
				GCC_WARN_UNUSED_VARIABLE = YES;
				IPHONEOS_DEPLOYMENT_TARGET = 12.4;
				MTL_ENABLE_DEBUG_INFO = NO;
				MTL_FAST_MATH = YES;
				SDKROOT = iphoneos;
				SWIFT_COMPILATION_MODE = wholemodule;
				SWIFT_OPTIMIZATION_LEVEL = "-O";
				VALIDATE_PRODUCT = YES;
			};
			name = Release;
		};
		3F7B6791233E36E800F3FFA7 /* Debug */ = {
			isa = XCBuildConfiguration;
			buildSettings = {
				ASSETCATALOG_COMPILER_APPICON_NAME = AppIcon;
				CODE_SIGN_STYLE = Automatic;
				INFOPLIST_FILE = W4_Tables2/Info.plist;
				LD_RUNPATH_SEARCH_PATHS = (
					"$(inherited)",
					"@executable_path/Frameworks",
				);
				PRODUCT_BUNDLE_IDENTIFIER = "com.snehpatel.W4-Tables2";
				PRODUCT_NAME = "$(TARGET_NAME)";
				SWIFT_VERSION = 5.0;
				TARGETED_DEVICE_FAMILY = "1,2";
			};
			name = Debug;
		};
		3F7B6792233E36E800F3FFA7 /* Release */ = {
			isa = XCBuildConfiguration;
			buildSettings = {
				ASSETCATALOG_COMPILER_APPICON_NAME = AppIcon;
				CODE_SIGN_STYLE = Automatic;
				INFOPLIST_FILE = W4_Tables2/Info.plist;
				LD_RUNPATH_SEARCH_PATHS = (
					"$(inherited)",
					"@executable_path/Frameworks",
				);
				PRODUCT_BUNDLE_IDENTIFIER = "com.snehpatel.W4-Tables2";
				PRODUCT_NAME = "$(TARGET_NAME)";
				SWIFT_VERSION = 5.0;
				TARGETED_DEVICE_FAMILY = "1,2";
			};
			name = Release;
		};
/* End XCBuildConfiguration section */

/* Begin XCConfigurationList section */
		3F7B6779233E36E600F3FFA7 /* Build configuration list for PBXProject "W4_Tables2" */ = {
			isa = XCConfigurationList;
			buildConfigurations = (
				3F7B678E233E36E800F3FFA7 /* Debug */,
				3F7B678F233E36E800F3FFA7 /* Release */,
			);
			defaultConfigurationIsVisible = 0;
			defaultConfigurationName = Release;
		};
		3F7B6790233E36E800F3FFA7 /* Build configuration list for PBXNativeTarget "W4_Tables2" */ = {
			isa = XCConfigurationList;
			buildConfigurations = (
				3F7B6791233E36E800F3FFA7 /* Debug */,
				3F7B6792233E36E800F3FFA7 /* Release */,
			);
			defaultConfigurationIsVisible = 0;
			defaultConfigurationName = Release;
		};
/* End XCConfigurationList section */
	};
	rootObject = 3F7B6776233E36E600F3FFA7 /* Project object */;
}
